// !$*UTF8*$!
{
	archiveVersion = 1;
	classes = {
	};
	objectVersion = 77;
	objects = {

/* Begin PBXBuildFile section */
		F321926B2CEDFA11000E445E /* Settings Parent.swift in Sources */ = {isa = PBXBuildFile; fileRef = F321926A2CEDFA11000E445E /* Settings Parent.swift */; };
		F32B05442CECA2E800D321BD /* Assets.xcassets in Resources */ = {isa = PBXBuildFile; fileRef = F32B053C2CECA2E800D321BD /* Assets.xcassets */; };
		F32B05482CECA2E800D321BD /* Voice Vault.swift in Sources */ = {isa = PBXBuildFile; fileRef = F32B05412CECA2E800D321BD /* Voice Vault.swift */; };
		F32B05532CECA2FD00D321BD /* Extensions.swift in Sources */ = {isa = PBXBuildFile; fileRef = F32B05512CECA2FD00D321BD /* Extensions.swift */; };
		F32B05542CECA2FD00D321BD /* Recordings List.swift in Sources */ = {isa = PBXBuildFile; fileRef = F32B054D2CECA2FD00D321BD /* Recordings List.swift */; };
		F32B05552CECA2FD00D321BD /* Player Bar.swift in Sources */ = {isa = PBXBuildFile; fileRef = F32B054E2CECA2FD00D321BD /* Player Bar.swift */; };
		F32B05562CECA2FD00D321BD /* Audio Player.swift in Sources */ = {isa = PBXBuildFile; fileRef = F32B054A2CECA2FD00D321BD /* Audio Player.swift */; };
		F32B05572CECA2FD00D321BD /* Audio Recorder.swift in Sources */ = {isa = PBXBuildFile; fileRef = F32B05492CECA2FD00D321BD /* Audio Recorder.swift */; };
		F32B05592CECA2FD00D321BD /* Recorder Bar.swift in Sources */ = {isa = PBXBuildFile; fileRef = F32B054F2CECA2FD00D321BD /* Recorder Bar.swift */; };
		F32B055C2CECA31100D321BD /* Recording Model.swift in Sources */ = {isa = PBXBuildFile; fileRef = F32B055B2CECA31100D321BD /* Recording Model.swift */; };
		F32B05602CECA67500D321BD /* ScrechKit in Frameworks */ = {isa = PBXBuildFile; productRef = F32B055F2CECA67500D321BD /* ScrechKit */; };
		F32B05622CECA83200D321BD /* Recording Row.swift in Sources */ = {isa = PBXBuildFile; fileRef = F32B05612CECA83200D321BD /* Recording Row.swift */; };
		F32B05642CECA9AF00D321BD /* App Container.swift in Sources */ = {isa = PBXBuildFile; fileRef = F32B05632CECA9AF00D321BD /* App Container.swift */; };
		F3D036FA2CECB6B900C4E1AC /* Settings View.swift in Sources */ = {isa = PBXBuildFile; fileRef = F3D036F92CECB6B900C4E1AC /* Settings View.swift */; };
		F3D036FD2CECB79200C4E1AC /* Codec.swift in Sources */ = {isa = PBXBuildFile; fileRef = F3D036FC2CECB79200C4E1AC /* Codec.swift */; };
		F3D036FF2CECD01E00C4E1AC /* Value Storage.swift in Sources */ = {isa = PBXBuildFile; fileRef = F3D036FE2CECD01E00C4E1AC /* Value Storage.swift */; };
/* End PBXBuildFile section */

/* Begin PBXFileReference section */
		F321926A2CEDFA11000E445E /* Settings Parent.swift */ = {isa = PBXFileReference; lastKnownFileType = sourcecode.swift; path = "Settings Parent.swift"; sourceTree = "<group>"; };
		F32B05242CECA2DE00D321BD /* Voice Vault.app */ = {isa = PBXFileReference; explicitFileType = wrapper.application; includeInIndex = 0; path = "Voice Vault.app"; sourceTree = BUILT_PRODUCTS_DIR; };
		F32B053C2CECA2E800D321BD /* Assets.xcassets */ = {isa = PBXFileReference; lastKnownFileType = folder.assetcatalog; path = Assets.xcassets; sourceTree = "<group>"; };
		F32B053E2CECA2E800D321BD /* Info.plist */ = {isa = PBXFileReference; lastKnownFileType = text.plist.xml; path = Info.plist; sourceTree = "<group>"; };
		F32B05402CECA2E800D321BD /* Voice Vault.entitlements */ = {isa = PBXFileReference; lastKnownFileType = text.plist.entitlements; path = "Voice Vault.entitlements"; sourceTree = "<group>"; };
		F32B05412CECA2E800D321BD /* Voice Vault.swift */ = {isa = PBXFileReference; lastKnownFileType = sourcecode.swift; path = "Voice Vault.swift"; sourceTree = "<group>"; };
		F32B05492CECA2FD00D321BD /* Audio Recorder.swift */ = {isa = PBXFileReference; lastKnownFileType = sourcecode.swift; path = "Audio Recorder.swift"; sourceTree = "<group>"; };
		F32B054A2CECA2FD00D321BD /* Audio Player.swift */ = {isa = PBXFileReference; lastKnownFileType = sourcecode.swift; path = "Audio Player.swift"; sourceTree = "<group>"; };
		F32B054D2CECA2FD00D321BD /* Recordings List.swift */ = {isa = PBXFileReference; lastKnownFileType = sourcecode.swift; path = "Recordings List.swift"; sourceTree = "<group>"; };
		F32B054E2CECA2FD00D321BD /* Player Bar.swift */ = {isa = PBXFileReference; lastKnownFileType = sourcecode.swift; path = "Player Bar.swift"; sourceTree = "<group>"; };
		F32B054F2CECA2FD00D321BD /* Recorder Bar.swift */ = {isa = PBXFileReference; lastKnownFileType = sourcecode.swift; path = "Recorder Bar.swift"; sourceTree = "<group>"; };
		F32B05512CECA2FD00D321BD /* Extensions.swift */ = {isa = PBXFileReference; lastKnownFileType = sourcecode.swift; path = Extensions.swift; sourceTree = "<group>"; };
		F32B055B2CECA31100D321BD /* Recording Model.swift */ = {isa = PBXFileReference; lastKnownFileType = sourcecode.swift; path = "Recording Model.swift"; sourceTree = "<group>"; };
		F32B05612CECA83200D321BD /* Recording Row.swift */ = {isa = PBXFileReference; lastKnownFileType = sourcecode.swift; path = "Recording Row.swift"; sourceTree = "<group>"; };
		F32B05632CECA9AF00D321BD /* App Container.swift */ = {isa = PBXFileReference; lastKnownFileType = sourcecode.swift; path = "App Container.swift"; sourceTree = "<group>"; };
		F3D036F92CECB6B900C4E1AC /* Settings View.swift */ = {isa = PBXFileReference; lastKnownFileType = sourcecode.swift; path = "Settings View.swift"; sourceTree = "<group>"; };
		F3D036FC2CECB79200C4E1AC /* Codec.swift */ = {isa = PBXFileReference; lastKnownFileType = sourcecode.swift; path = Codec.swift; sourceTree = "<group>"; };
		F3D036FE2CECD01E00C4E1AC /* Value Storage.swift */ = {isa = PBXFileReference; lastKnownFileType = sourcecode.swift; path = "Value Storage.swift"; sourceTree = "<group>"; };
/* End PBXFileReference section */

/* Begin PBXFrameworksBuildPhase section */
		F32B05212CECA2DE00D321BD /* Frameworks */ = {
			isa = PBXFrameworksBuildPhase;
			buildActionMask = 2147483647;
			files = (
				F32B05602CECA67500D321BD /* ScrechKit in Frameworks */,
			);
			runOnlyForDeploymentPostprocessing = 0;
		};
/* End PBXFrameworksBuildPhase section */

/* Begin PBXGroup section */
		F32B051B2CECA2DE00D321BD = {
			isa = PBXGroup;
			children = (
				F32B05422CECA2E800D321BD /* Voice Vault */,
				F32B05252CECA2DE00D321BD /* Products */,
			);
			sourceTree = "<group>";
		};
		F32B05252CECA2DE00D321BD /* Products */ = {
			isa = PBXGroup;
			children = (
				F32B05242CECA2DE00D321BD /* Voice Vault.app */,
			);
			name = Products;
			sourceTree = "<group>";
		};
		F32B05422CECA2E800D321BD /* Voice Vault */ = {
			isa = PBXGroup;
			children = (
				F32B05412CECA2E800D321BD /* Voice Vault.swift */,
				F3D036F82CECAF3C00C4E1AC /* Nav */,
				F32B053C2CECA2E800D321BD /* Assets.xcassets */,
				F32B053E2CECA2E800D321BD /* Info.plist */,
				F32B05402CECA2E800D321BD /* Voice Vault.entitlements */,
				F32B055B2CECA31100D321BD /* Recording Model.swift */,
				F32B054B2CECA2FD00D321BD /* Audio Manager */,
				F32B05502CECA2FD00D321BD /* Views */,
				F3D036FB2CECB70C00C4E1AC /* Settings */,
				F32B05522CECA2FD00D321BD /* Support */,
			);
			path = "Voice Vault";
			sourceTree = "<group>";
		};
		F32B054B2CECA2FD00D321BD /* Audio Manager */ = {
			isa = PBXGroup;
			children = (
				F32B05492CECA2FD00D321BD /* Audio Recorder.swift */,
				F32B054A2CECA2FD00D321BD /* Audio Player.swift */,
			);
			path = "Audio Manager";
			sourceTree = "<group>";
		};
		F32B05502CECA2FD00D321BD /* Views */ = {
			isa = PBXGroup;
			children = (
				F32B054D2CECA2FD00D321BD /* Recordings List.swift */,
				F32B05612CECA83200D321BD /* Recording Row.swift */,
				F32B054E2CECA2FD00D321BD /* Player Bar.swift */,
				F32B054F2CECA2FD00D321BD /* Recorder Bar.swift */,
			);
			path = Views;
			sourceTree = "<group>";
		};
		F32B05522CECA2FD00D321BD /* Support */ = {
			isa = PBXGroup;
			children = (
				F32B05512CECA2FD00D321BD /* Extensions.swift */,
			);
			path = Support;
			sourceTree = "<group>";
		};
		F3D036F82CECAF3C00C4E1AC /* Nav */ = {
			isa = PBXGroup;
			children = (
				F32B05632CECA9AF00D321BD /* App Container.swift */,
			);
			path = Nav;
			sourceTree = "<group>";
		};
		F3D036FB2CECB70C00C4E1AC /* Settings */ = {
			isa = PBXGroup;
			children = (
				F321926A2CEDFA11000E445E /* Settings Parent.swift */,
				F3D036F92CECB6B900C4E1AC /* Settings View.swift */,
				F3D036FE2CECD01E00C4E1AC /* Value Storage.swift */,
				F3D036FC2CECB79200C4E1AC /* Codec.swift */,
			);
			path = Settings;
			sourceTree = "<group>";
		};
/* End PBXGroup section */

/* Begin PBXNativeTarget section */
		F32B05232CECA2DE00D321BD /* Voice Vault */ = {
			isa = PBXNativeTarget;
			buildConfigurationList = F32B05352CECA2DF00D321BD /* Build configuration list for PBXNativeTarget "Voice Vault" */;
			buildPhases = (
				F32B05202CECA2DE00D321BD /* Sources */,
				F32B05212CECA2DE00D321BD /* Frameworks */,
				F32B05222CECA2DE00D321BD /* Resources */,
			);
			buildRules = (
			);
			dependencies = (
			);
			name = "Voice Vault";
			packageProductDependencies = (
				F32B055F2CECA67500D321BD /* ScrechKit */,
			);
			productName = "Voice Vault";
			productReference = F32B05242CECA2DE00D321BD /* Voice Vault.app */;
			productType = "com.apple.product-type.application";
		};
/* End PBXNativeTarget section */

/* Begin PBXProject section */
		F32B051C2CECA2DE00D321BD /* Project object */ = {
			isa = PBXProject;
			attributes = {
				BuildIndependentTargetsInParallel = 1;
				LastSwiftUpdateCheck = 1620;
				LastUpgradeCheck = 1620;
				TargetAttributes = {
					F32B05232CECA2DE00D321BD = {
						CreatedOnToolsVersion = 16.2;
					};
				};
			};
			buildConfigurationList = F32B051F2CECA2DE00D321BD /* Build configuration list for PBXProject "Voice Vault" */;
			developmentRegion = en;
			hasScannedForEncodings = 0;
			knownRegions = (
				en,
				Base,
			);
			mainGroup = F32B051B2CECA2DE00D321BD;
			minimizedProjectReferenceProxies = 1;
			packageReferences = (
				F32B055E2CECA67500D321BD /* XCRemoteSwiftPackageReference "ScrechKit" */,
			);
			preferredProjectObjectVersion = 77;
			productRefGroup = F32B05252CECA2DE00D321BD /* Products */;
			projectDirPath = "";
			projectRoot = "";
			targets = (
				F32B05232CECA2DE00D321BD /* Voice Vault */,
			);
		};
/* End PBXProject section */

/* Begin PBXResourcesBuildPhase section */
		F32B05222CECA2DE00D321BD /* Resources */ = {
			isa = PBXResourcesBuildPhase;
			buildActionMask = 2147483647;
			files = (
				F32B05442CECA2E800D321BD /* Assets.xcassets in Resources */,
			);
			runOnlyForDeploymentPostprocessing = 0;
		};
/* End PBXResourcesBuildPhase section */

/* Begin PBXSourcesBuildPhase section */
		F32B05202CECA2DE00D321BD /* Sources */ = {
			isa = PBXSourcesBuildPhase;
			buildActionMask = 2147483647;
			files = (
				F32B055C2CECA31100D321BD /* Recording Model.swift in Sources */,
				F32B05622CECA83200D321BD /* Recording Row.swift in Sources */,
				F32B05532CECA2FD00D321BD /* Extensions.swift in Sources */,
				F32B05542CECA2FD00D321BD /* Recordings List.swift in Sources */,
				F32B05642CECA9AF00D321BD /* App Container.swift in Sources */,
				F3D036FF2CECD01E00C4E1AC /* Value Storage.swift in Sources */,
				F321926B2CEDFA11000E445E /* Settings Parent.swift in Sources */,
				F32B05552CECA2FD00D321BD /* Player Bar.swift in Sources */,
				F32B05562CECA2FD00D321BD /* Audio Player.swift in Sources */,
				F32B05572CECA2FD00D321BD /* Audio Recorder.swift in Sources */,
				F3D036FD2CECB79200C4E1AC /* Codec.swift in Sources */,
				F32B05592CECA2FD00D321BD /* Recorder Bar.swift in Sources */,
				F32B05482CECA2E800D321BD /* Voice Vault.swift in Sources */,
				F3D036FA2CECB6B900C4E1AC /* Settings View.swift in Sources */,
			);
			runOnlyForDeploymentPostprocessing = 0;
		};
/* End PBXSourcesBuildPhase section */

/* Begin XCBuildConfiguration section */
		F32B05362CECA2DF00D321BD /* Debug */ = {
			isa = XCBuildConfiguration;
			buildSettings = {
				ASSETCATALOG_COMPILER_APPICON_NAME = AppIcon;
				ASSETCATALOG_COMPILER_GLOBAL_ACCENT_COLOR_NAME = AccentColor;
				CODE_SIGN_ENTITLEMENTS = "Voice Vault/Voice Vault.entitlements";
				CODE_SIGN_STYLE = Automatic;
				CURRENT_PROJECT_VERSION = 0;
				DEVELOPMENT_TEAM = 8FQUA2F388;
				ENABLE_PREVIEWS = YES;
				GENERATE_INFOPLIST_FILE = YES;
				INFOPLIST_FILE = "Voice Vault/Info.plist";
				INFOPLIST_KEY_CFBundleDisplayName = "Voice Vault";
				INFOPLIST_KEY_LSApplicationCategoryType = "public.app-category.utilities";
				INFOPLIST_KEY_NSMicrophoneUsageDescription = "Microphone is used to record voice memos";
				INFOPLIST_KEY_UIApplicationSceneManifest_Generation = YES;
				INFOPLIST_KEY_UIApplicationSupportsIndirectInputEvents = YES;
				INFOPLIST_KEY_UILaunchScreen_Generation = YES;
				INFOPLIST_KEY_UISupportedInterfaceOrientations = "UIInterfaceOrientationLandscapeLeft UIInterfaceOrientationLandscapeRight UIInterfaceOrientationPortrait UIInterfaceOrientationPortraitUpsideDown";
				IPHONEOS_DEPLOYMENT_TARGET = 17.0;
				LD_RUNPATH_SEARCH_PATHS = (
					"$(inherited)",
					"@executable_path/Frameworks",
				);
				MARKETING_VERSION = 1.0;
				PRODUCT_BUNDLE_IDENTIFIER = "dev.topscrech.Voice-Vault";
				PRODUCT_NAME = "$(TARGET_NAME)";
				SWIFT_EMIT_LOC_STRINGS = YES;
				SWIFT_VERSION = 5.0;
				TARGETED_DEVICE_FAMILY = "1,2";
			};
			name = Debug;
		};
		F32B05372CECA2DF00D321BD /* Release */ = {
			isa = XCBuildConfiguration;
			buildSettings = {
				ASSETCATALOG_COMPILER_APPICON_NAME = AppIcon;
				ASSETCATALOG_COMPILER_GLOBAL_ACCENT_COLOR_NAME = AccentColor;
				CODE_SIGN_ENTITLEMENTS = "Voice Vault/Voice Vault.entitlements";
				CODE_SIGN_STYLE = Automatic;
				CURRENT_PROJECT_VERSION = 0;
				DEVELOPMENT_TEAM = 8FQUA2F388;
				ENABLE_PREVIEWS = YES;
				GENERATE_INFOPLIST_FILE = YES;
				INFOPLIST_FILE = "Voice Vault/Info.plist";
				INFOPLIST_KEY_CFBundleDisplayName = "Voice Vault";
				INFOPLIST_KEY_LSApplicationCategoryType = "public.app-category.utilities";
				INFOPLIST_KEY_NSMicrophoneUsageDescription = "Microphone is used to record voice memos";
				INFOPLIST_KEY_UIApplicationSceneManifest_Generation = YES;
				INFOPLIST_KEY_UIApplicationSupportsIndirectInputEvents = YES;
				INFOPLIST_KEY_UILaunchScreen_Generation = YES;
				INFOPLIST_KEY_UISupportedInterfaceOrientations = "UIInterfaceOrientationLandscapeLeft UIInterfaceOrientationLandscapeRight UIInterfaceOrientationPortrait UIInterfaceOrientationPortraitUpsideDown";
				IPHONEOS_DEPLOYMENT_TARGET = 17.0;
				LD_RUNPATH_SEARCH_PATHS = (
					"$(inherited)",
					"@executable_path/Frameworks",
				);
				MARKETING_VERSION = 1.0;
				PRODUCT_BUNDLE_IDENTIFIER = "dev.topscrech.Voice-Vault";
				PRODUCT_NAME = "$(TARGET_NAME)";
				SWIFT_EMIT_LOC_STRINGS = YES;
				SWIFT_VERSION = 5.0;
				TARGETED_DEVICE_FAMILY = "1,2";
			};
			name = Release;
		};
		F32B05382CECA2DF00D321BD /* Debug */ = {
			isa = XCBuildConfiguration;
			buildSettings = {
				ALWAYS_SEARCH_USER_PATHS = NO;
				ASSETCATALOG_COMPILER_GENERATE_SWIFT_ASSET_SYMBOL_EXTENSIONS = YES;
				CLANG_ANALYZER_NONNULL = YES;
				CLANG_ANALYZER_NUMBER_OBJECT_CONVERSION = YES_AGGRESSIVE;
				CLANG_CXX_LANGUAGE_STANDARD = "gnu++20";
				CLANG_ENABLE_MODULES = YES;
				CLANG_ENABLE_OBJC_ARC = YES;
				CLANG_ENABLE_OBJC_WEAK = YES;
				CLANG_WARN_BLOCK_CAPTURE_AUTORELEASING = YES;
				CLANG_WARN_BOOL_CONVERSION = YES;
				CLANG_WARN_COMMA = YES;
				CLANG_WARN_CONSTANT_CONVERSION = YES;
				CLANG_WARN_DEPRECATED_OBJC_IMPLEMENTATIONS = YES;
				CLANG_WARN_DIRECT_OBJC_ISA_USAGE = YES_ERROR;
				CLANG_WARN_DOCUMENTATION_COMMENTS = YES;
				CLANG_WARN_EMPTY_BODY = YES;
				CLANG_WARN_ENUM_CONVERSION = YES;
				CLANG_WARN_INFINITE_RECURSION = YES;
				CLANG_WARN_INT_CONVERSION = YES;
				CLANG_WARN_NON_LITERAL_NULL_CONVERSION = YES;
				CLANG_WARN_OBJC_IMPLICIT_RETAIN_SELF = YES;
				CLANG_WARN_OBJC_LITERAL_CONVERSION = YES;
				CLANG_WARN_OBJC_ROOT_CLASS = YES_ERROR;
				CLANG_WARN_QUOTED_INCLUDE_IN_FRAMEWORK_HEADER = YES;
				CLANG_WARN_RANGE_LOOP_ANALYSIS = YES;
				CLANG_WARN_STRICT_PROTOTYPES = YES;
				CLANG_WARN_SUSPICIOUS_MOVE = YES;
				CLANG_WARN_UNGUARDED_AVAILABILITY = YES_AGGRESSIVE;
				CLANG_WARN_UNREACHABLE_CODE = YES;
				CLANG_WARN__DUPLICATE_METHOD_MATCH = YES;
				COPY_PHASE_STRIP = NO;
				DEBUG_INFORMATION_FORMAT = dwarf;
				ENABLE_STRICT_OBJC_MSGSEND = YES;
				ENABLE_TESTABILITY = YES;
				ENABLE_USER_SCRIPT_SANDBOXING = YES;
				GCC_C_LANGUAGE_STANDARD = gnu17;
				GCC_DYNAMIC_NO_PIC = NO;
				GCC_NO_COMMON_BLOCKS = YES;
				GCC_OPTIMIZATION_LEVEL = 0;
				GCC_PREPROCESSOR_DEFINITIONS = (
					"DEBUG=1",
					"$(inherited)",
				);
				GCC_WARN_64_TO_32_BIT_CONVERSION = YES;
				GCC_WARN_ABOUT_RETURN_TYPE = YES_ERROR;
				GCC_WARN_UNDECLARED_SELECTOR = YES;
				GCC_WARN_UNINITIALIZED_AUTOS = YES_AGGRESSIVE;
				GCC_WARN_UNUSED_FUNCTION = YES;
				GCC_WARN_UNUSED_VARIABLE = YES;
				IPHONEOS_DEPLOYMENT_TARGET = 18.2;
				LOCALIZATION_PREFERS_STRING_CATALOGS = YES;
				MTL_ENABLE_DEBUG_INFO = INCLUDE_SOURCE;
				MTL_FAST_MATH = YES;
				ONLY_ACTIVE_ARCH = YES;
				SDKROOT = iphoneos;
				SWIFT_ACTIVE_COMPILATION_CONDITIONS = "DEBUG $(inherited)";
				SWIFT_OPTIMIZATION_LEVEL = "-Onone";
			};
			name = Debug;
		};
		F32B05392CECA2DF00D321BD /* Release */ = {
			isa = XCBuildConfiguration;
			buildSettings = {
				ALWAYS_SEARCH_USER_PATHS = NO;
				ASSETCATALOG_COMPILER_GENERATE_SWIFT_ASSET_SYMBOL_EXTENSIONS = YES;
				CLANG_ANALYZER_NONNULL = YES;
				CLANG_ANALYZER_NUMBER_OBJECT_CONVERSION = YES_AGGRESSIVE;
				CLANG_CXX_LANGUAGE_STANDARD = "gnu++20";
				CLANG_ENABLE_MODULES = YES;
				CLANG_ENABLE_OBJC_ARC = YES;
				CLANG_ENABLE_OBJC_WEAK = YES;
				CLANG_WARN_BLOCK_CAPTURE_AUTORELEASING = YES;
				CLANG_WARN_BOOL_CONVERSION = YES;
				CLANG_WARN_COMMA = YES;
				CLANG_WARN_CONSTANT_CONVERSION = YES;
				CLANG_WARN_DEPRECATED_OBJC_IMPLEMENTATIONS = YES;
				CLANG_WARN_DIRECT_OBJC_ISA_USAGE = YES_ERROR;
				CLANG_WARN_DOCUMENTATION_COMMENTS = YES;
				CLANG_WARN_EMPTY_BODY = YES;
				CLANG_WARN_ENUM_CONVERSION = YES;
				CLANG_WARN_INFINITE_RECURSION = YES;
				CLANG_WARN_INT_CONVERSION = YES;
				CLANG_WARN_NON_LITERAL_NULL_CONVERSION = YES;
				CLANG_WARN_OBJC_IMPLICIT_RETAIN_SELF = YES;
				CLANG_WARN_OBJC_LITERAL_CONVERSION = YES;
				CLANG_WARN_OBJC_ROOT_CLASS = YES_ERROR;
				CLANG_WARN_QUOTED_INCLUDE_IN_FRAMEWORK_HEADER = YES;
				CLANG_WARN_RANGE_LOOP_ANALYSIS = YES;
				CLANG_WARN_STRICT_PROTOTYPES = YES;
				CLANG_WARN_SUSPICIOUS_MOVE = YES;
				CLANG_WARN_UNGUARDED_AVAILABILITY = YES_AGGRESSIVE;
				CLANG_WARN_UNREACHABLE_CODE = YES;
				CLANG_WARN__DUPLICATE_METHOD_MATCH = YES;
				COPY_PHASE_STRIP = NO;
				DEBUG_INFORMATION_FORMAT = "dwarf-with-dsym";
				ENABLE_NS_ASSERTIONS = NO;
				ENABLE_STRICT_OBJC_MSGSEND = YES;
				ENABLE_USER_SCRIPT_SANDBOXING = YES;
				GCC_C_LANGUAGE_STANDARD = gnu17;
				GCC_NO_COMMON_BLOCKS = YES;
				GCC_WARN_64_TO_32_BIT_CONVERSION = YES;
				GCC_WARN_ABOUT_RETURN_TYPE = YES_ERROR;
				GCC_WARN_UNDECLARED_SELECTOR = YES;
				GCC_WARN_UNINITIALIZED_AUTOS = YES_AGGRESSIVE;
				GCC_WARN_UNUSED_FUNCTION = YES;
				GCC_WARN_UNUSED_VARIABLE = YES;
				IPHONEOS_DEPLOYMENT_TARGET = 18.2;
				LOCALIZATION_PREFERS_STRING_CATALOGS = YES;
				MTL_ENABLE_DEBUG_INFO = NO;
				MTL_FAST_MATH = YES;
				SDKROOT = iphoneos;
				SWIFT_COMPILATION_MODE = wholemodule;
				VALIDATE_PRODUCT = YES;
			};
			name = Release;
		};
/* End XCBuildConfiguration section */

/* Begin XCConfigurationList section */
		F32B051F2CECA2DE00D321BD /* Build configuration list for PBXProject "Voice Vault" */ = {
			isa = XCConfigurationList;
			buildConfigurations = (
				F32B05382CECA2DF00D321BD /* Debug */,
				F32B05392CECA2DF00D321BD /* Release */,
			);
			defaultConfigurationIsVisible = 0;
			defaultConfigurationName = Release;
		};
		F32B05352CECA2DF00D321BD /* Build configuration list for PBXNativeTarget "Voice Vault" */ = {
			isa = XCConfigurationList;
			buildConfigurations = (
				F32B05362CECA2DF00D321BD /* Debug */,
				F32B05372CECA2DF00D321BD /* Release */,
			);
			defaultConfigurationIsVisible = 0;
			defaultConfigurationName = Release;
		};
/* End XCConfigurationList section */

/* Begin XCRemoteSwiftPackageReference section */
		F32B055E2CECA67500D321BD /* XCRemoteSwiftPackageReference "ScrechKit" */ = {
			isa = XCRemoteSwiftPackageReference;
			repositoryURL = "https://github.com/TopScrech/ScrechKit";
			requirement = {
				branch = main;
				kind = branch;
			};
		};
/* End XCRemoteSwiftPackageReference section */

/* Begin XCSwiftPackageProductDependency section */
		F32B055F2CECA67500D321BD /* ScrechKit */ = {
			isa = XCSwiftPackageProductDependency;
			package = F32B055E2CECA67500D321BD /* XCRemoteSwiftPackageReference "ScrechKit" */;
			productName = ScrechKit;
		};
/* End XCSwiftPackageProductDependency section */
	};
	rootObject = F32B051C2CECA2DE00D321BD /* Project object */;
}
